{
  "version": 4,
  "terraform_version": "1.9.7",
  "serial": 10,
  "lineage": "550b6eca-2a77-cf06-b4d6-79a0ab74c0f6",
  "outputs": {
    "ecr_repository_url": {
      "value": "301782007642.dkr.ecr.eu-north-1.amazonaws.com/strapi-app-reshma",
      "type": "string"
    },
    "rds_endpoint": {
      "value": null,
      "type": "string"
    }
  },
  "resources": [
    {
      "mode": "data",
      "type": "aws_ecr_repository",
      "name": "strapi",
      "provider": "provider[\"registry.terraform.io/hashicorp/aws\"]",
      "instances": [
        {
          "schema_version": 0,
          "attributes": {
            "arn": "arn:aws:ecr:eu-north-1:301782007642:repository/strapi-app-reshma",
            "encryption_configuration": [
              {
                "encryption_type": "AES256",
                "kms_key": ""
              }
            ],
            "id": "strapi-app-reshma",
            "image_scanning_configuration": [
              {
                "scan_on_push": false
              }
            ],
            "image_tag_mutability": "MUTABLE",
            "image_tag_mutability_exclusion_filter": [],
            "most_recent_image_tags": [
              "b5157e6"
            ],
            "name": "strapi-app-reshma",
            "region": "eu-north-1",
            "registry_id": "301782007642",
            "repository_url": "301782007642.dkr.ecr.eu-north-1.amazonaws.com/strapi-app-reshma",
            "tags": {}
          },
          "sensitive_attributes": []
        }
      ]
    },
    {
      "mode": "data",
      "type": "aws_iam_role",
      "name": "ecs_execution_role",
      "provider": "provider[\"registry.terraform.io/hashicorp/aws\"]",
      "instances": [
        {
          "schema_version": 0,
          "attributes": {
            "arn": "arn:aws:iam::301782007642:role/ecsTaskExecutionRole-reshma",
            "assume_role_policy": "{\"Version\":\"2012-10-17\",\"Statement\":[{\"Effect\":\"Allow\",\"Principal\":{\"Service\":\"ecs-tasks.amazonaws.com\"},\"Action\":\"sts:AssumeRole\"}]}",
            "create_date": "2025-12-16T08:38:06Z",
            "description": "",
            "id": "ecsTaskExecutionRole-reshma",
            "max_session_duration": 3600,
            "name": "ecsTaskExecutionRole-reshma",
            "path": "/",
            "permissions_boundary": "",
            "role_last_used": [
              {
                "last_used_date": "2025-12-17T12:13:13Z",
                "region": "eu-north-1"
              }
            ],
            "tags": {},
            "unique_id": "AROAUMQ4375NOYPQE65LG"
          },
          "sensitive_attributes": []
        }
      ]
    },
    {
      "mode": "data",
      "type": "aws_subnets",
      "name": "default",
      "provider": "provider[\"registry.terraform.io/hashicorp/aws\"]",
      "instances": [
        {
          "schema_version": 0,
          "attributes": {
            "filter": [
              {
                "name": "vpc-id",
                "values": [
                  "vpc-04440c702204c8a92"
                ]
              }
            ],
            "id": "eu-north-1",
            "ids": [
              "subnet-02abb94a2ee1d2431",
              "subnet-08d5dc313c9232cb3",
              "subnet-0563f7f5df349b129"
            ],
            "region": "eu-north-1",
            "tags": null,
            "timeouts": null
          },
          "sensitive_attributes": []
        }
      ]
    },
    {
      "mode": "data",
      "type": "aws_vpc",
      "name": "default",
      "provider": "provider[\"registry.terraform.io/hashicorp/aws\"]",
      "instances": [
        {
          "schema_version": 0,
          "attributes": {
            "arn": "arn:aws:ec2:eu-north-1:301782007642:vpc/vpc-04440c702204c8a92",
            "cidr_block": "172.31.0.0/16",
            "cidr_block_associations": [
              {
                "association_id": "vpc-cidr-assoc-0e565b16dd9c724a0",
                "cidr_block": "172.31.0.0/16",
                "state": "associated"
              }
            ],
            "default": true,
            "dhcp_options_id": "dopt-0d1f9bc7b9cb80172",
            "enable_dns_hostnames": true,
            "enable_dns_support": true,
            "enable_network_address_usage_metrics": false,
            "filter": null,
            "id": "vpc-04440c702204c8a92",
            "instance_tenancy": "default",
            "ipv6_association_id": "",
            "ipv6_cidr_block": "",
            "main_route_table_id": "rtb-0553ef50e291af568",
            "owner_id": "301782007642",
            "region": "eu-north-1",
            "state": null,
            "tags": {},
            "timeouts": null
          },
          "sensitive_attributes": []
        }
      ]
    },
    {
      "mode": "managed",
      "type": "aws_cloudwatch_log_group",
      "name": "strapi",
      "provider": "provider[\"registry.terraform.io/hashicorp/aws\"]",
      "instances": [
        {
          "schema_version": 0,
          "attributes": {
            "arn": "arn:aws:logs:eu-north-1:301782007642:log-group:/ecs/strapi-service-reshma",
            "deletion_protection_enabled": false,
            "id": "/ecs/strapi-service-reshma",
            "kms_key_id": "",
            "log_group_class": "STANDARD",
            "name": "/ecs/strapi-service-reshma",
            "name_prefix": "",
            "region": "eu-north-1",
            "retention_in_days": 7,
            "skip_destroy": false,
            "tags": {},
            "tags_all": {}
          },
          "sensitive_attributes": [],
          "private": "eyJzY2hlbWFfdmVyc2lvbiI6IjAifQ=="
        }
      ]
    },
    {
      "mode": "managed",
      "type": "aws_ecs_cluster",
      "name": "strapi",
      "provider": "provider[\"registry.terraform.io/hashicorp/aws\"]",
      "instances": [
        {
          "schema_version": 0,
          "attributes": {
            "arn": "arn:aws:ecs:eu-north-1:301782007642:cluster/strapi-cluster-reshma",
            "configuration": [],
            "id": "arn:aws:ecs:eu-north-1:301782007642:cluster/strapi-cluster-reshma",
            "name": "strapi-cluster-reshma",
            "region": "eu-north-1",
            "service_connect_defaults": [],
            "setting": [
              {
                "name": "containerInsights",
                "value": "disabled"
              }
            ],
            "tags": {},
            "tags_all": {}
          },
          "sensitive_attributes": [],
          "private": "bnVsbA=="
        }
      ]
    }
  ],
  "check_results": null
}
